PODS:
  - MBProgressHUD (0.9.1)
  - Metawear-iOSAPI (1.6.0)
  - NKOColorPickerView (0.2)

DEPENDENCIES:
  - MBProgressHUD
  - Metawear-iOSAPI
  - NKOColorPickerView

SPEC CHECKSUMS:
  MBProgressHUD: c47f2c166c126cf2ce36498d80f33e754d4e93ad
  Metawear-iOSAPI: 7b46ce8fb19cd93c15d72c40d778a7236f49a282
  NKOColorPickerView: 3001ad15be1277dac3b80b300f530828e93b23ae

COCOAPODS: 0.37.1
