PODS:
  - MBProgressHUD (0.9.1)
  - Metawear-iOSAPI (1.9.0)
  - NKOColorPickerView (0.2)

DEPENDENCIES:
  - MBProgressHUD
  - Metawear-iOSAPI
  - NKOColorPickerView

SPEC CHECKSUMS:
  MBProgressHUD: c47f2c166c126cf2ce36498d80f33e754d4e93ad
  Metawear-iOSAPI: e3312071116fc0aa9cfd43ccd0cbdb07ddfe8b36
  NKOColorPickerView: 3001ad15be1277dac3b80b300f530828e93b23ae

COCOAPODS: 0.38.2
